
Microsoft Visual Studio Solution File, Format Version 12.00
Project("{F2A71F9B-5D33-465A-A702-920D77279786}") = "WebApplication1", "WebApplication1\WebApplication1.fsproj", "{52C7E52E-D96E-435A-B250-12BE12C6144A}"
EndProject
Global
	GlobalSection(SolutionConfigurationPlatforms) = preSolution
		Debug|Any CPU = Debug|Any CPU
		Release|Any CPU = Release|Any CPU
	EndGlobalSection
	GlobalSection(ProjectConfigurationPlatforms) = postSolution
		{52C7E52E-D96E-435A-B250-12BE12C6144A}.Debug|Any CPU.ActiveCfg = Debug|Any CPU
		{52C7E52E-D96E-435A-B250-12BE12C6144A}.Debug|Any CPU.Build.0 = Debug|Any CPU
		{52C7E52E-D96E-435A-B250-12BE12C6144A}.Release|Any CPU.ActiveCfg = Release|Any CPU
		{52C7E52E-D96E-435A-B250-12BE12C6144A}.Release|Any CPU.Build.0 = Release|Any CPU
	EndGlobalSection
EndGlobal
